
Microsoft Visual Studio Solution File, Format Version 12.00
# Visual Studio Version 17
VisualStudioVersion = 17.14.37710.0 d17.14
MinimumVisualStudioVersion = 10.0.40219.1
Project("{FAE04EC0-301F-11D3-BF4B-00C04F79EFBC}") = "xirdala", "xirdala.csproj", "{9CB3C2DA-9FD9-47BB-8A9B-928FACAF8077}"
EndProject
Global
	GlobalSection(SolutionConfigurationPlatforms) = preSolution
		Debug|Any CPU = Debug|Any CPU
		Release|Any CPU = Release|Any CPU
	EndGlobalSection
	GlobalSection(ProjectConfigurationPlatforms) = postSolution
		{9CB3C2DA-9FD9-47BB-8A9B-928FACAF8077}.Debug|Any CPU.ActiveCfg = Debug|Any CPU
		{9CB3C2DA-9FD9-47BB-8A9B-928FACAF8077}.Debug|Any CPU.Build.0 = Debug|Any CPU
		{9CB3C2DA-9FD9-47BB-8A9B-928FACAF8077}.Release|Any CPU.ActiveCfg = Release|Any CPU
		{9CB3C2DA-9FD9-47BB-8A9B-928FACAF8077}.Release|Any CPU.Build.0 = Release|Any CPU
	EndGlobalSection
	GlobalSection(SolutionProperties) = preSolution
		HideSolutionNode = FALSE
	EndGlobalSection
	GlobalSection(ExtensibilityGlobals) = postSolution
		SolutionGuid = {96D22A2E-392D-4F0F-94FE-2C97E52EA52A}
	EndGlobalSection
EndGlobal
